
Microsoft Visual Studio Solution File, Format Version 12.00
# Visual Studio 2013
VisualStudioVersion = 12.0.30501.0
MinimumVisualStudioVersion = 10.0.40219.1
Project("{FAE04EC0-301F-11D3-BF4B-00C04F79EFBC}") = "Pokemon", "Pokemon.csproj", "{D99EB6F0-94BA-4F82-911E-E981617E19BE}"
EndProject
Project("{F2A71F9B-5D33-465A-A702-920D77279786}") = "GameMath", "..\GameMath\GameMath.fsproj", "{C1788569-72EF-40DE-A898-A7D3C5F3B8FB}"
EndProject
Global
	GlobalSection(SolutionConfigurationPlatforms) = preSolution
		Debug|Any CPU = Debug|Any CPU
		Release|Any CPU = Release|Any CPU
	EndGlobalSection
	GlobalSection(ProjectConfigurationPlatforms) = postSolution
		{D99EB6F0-94BA-4F82-911E-E981617E19BE}.Debug|Any CPU.ActiveCfg = Debug|Any CPU
		{D99EB6F0-94BA-4F82-911E-E981617E19BE}.Debug|Any CPU.Build.0 = Debug|Any CPU
		{D99EB6F0-94BA-4F82-911E-E981617E19BE}.Release|Any CPU.ActiveCfg = Release|Any CPU
		{D99EB6F0-94BA-4F82-911E-E981617E19BE}.Release|Any CPU.Build.0 = Release|Any CPU
		{C1788569-72EF-40DE-A898-A7D3C5F3B8FB}.Debug|Any CPU.ActiveCfg = Debug|Any CPU
		{C1788569-72EF-40DE-A898-A7D3C5F3B8FB}.Debug|Any CPU.Build.0 = Debug|Any CPU
		{C1788569-72EF-40DE-A898-A7D3C5F3B8FB}.Release|Any CPU.ActiveCfg = Release|Any CPU
		{C1788569-72EF-40DE-A898-A7D3C5F3B8FB}.Release|Any CPU.Build.0 = Release|Any CPU
	EndGlobalSection
	GlobalSection(SolutionProperties) = preSolution
		HideSolutionNode = FALSE
	EndGlobalSection
EndGlobal
